
Microsoft Visual Studio Solution File, Format Version 12.00
# Visual Studio Version 17
VisualStudioVersion = 17.13.35931.197 d17.13
MinimumVisualStudioVersion = 10.0.40219.1
Project("{FAE04EC0-301F-11D3-BF4B-00C04F79EFBC}") = "pryConexionBDcontactos", "pryConexionBDcontactos.csproj", "{9BEDB8A5-BA6E-4210-BD53-74C1A2219309}"
EndProject
Global
	GlobalSection(SolutionConfigurationPlatforms) = preSolution
		Debug|Any CPU = Debug|Any CPU
		Release|Any CPU = Release|Any CPU
	EndGlobalSection
	GlobalSection(ProjectConfigurationPlatforms) = postSolution
		{9BEDB8A5-BA6E-4210-BD53-74C1A2219309}.Debug|Any CPU.ActiveCfg = Debug|Any CPU
		{9BEDB8A5-BA6E-4210-BD53-74C1A2219309}.Debug|Any CPU.Build.0 = Debug|Any CPU
		{9BEDB8A5-BA6E-4210-BD53-74C1A2219309}.Release|Any CPU.ActiveCfg = Release|Any CPU
		{9BEDB8A5-BA6E-4210-BD53-74C1A2219309}.Release|Any CPU.Build.0 = Release|Any CPU
	EndGlobalSection
	GlobalSection(SolutionProperties) = preSolution
		HideSolutionNode = FALSE
	EndGlobalSection
	GlobalSection(ExtensibilityGlobals) = postSolution
		SolutionGuid = {52A1C129-BA1B-4FC1-9698-8958240965FC}
	EndGlobalSection
EndGlobal
